PODS:
  - Alamofire (5.2.0)
  - Kingfisher (5.14.0):
    - Kingfisher/Core (= 5.14.0)
  - Kingfisher/Core (5.14.0)
  - lottie-ios (3.1.8)

DEPENDENCIES:
  - Alamofire (~> 5.1)
  - Kingfisher
  - lottie-ios

SPEC REPOS:
  trunk:
    - Alamofire
    - Kingfisher
    - lottie-ios

SPEC CHECKSUMS:
  Alamofire: c1ca147559e730bfb2182c8c7aafbdd90a867987
  Kingfisher: 7b64389a43139c903ec434788344c288217c792d
  lottie-ios: 48fac6be217c76937e36e340e2d09cf7b10b7f5f

PODFILE CHECKSUM: fb3514cacdf08bcf3babe7ca98e2e5180f652f76

COCOAPODS: 1.8.4
